{
  "version": 4,
  "terraform_version": "1.14.3",
  "serial": 12,
  "lineage": "2cf77777-6f26-399e-4704-34bc5b6ff279",
  "outputs": {},
  "resources": [
    {
      "mode": "managed",
      "type": "minio_s3_bucket",
      "name": "raw",
      "provider": "provider[\"registry.terraform.io/aminueza/minio\"]",
      "instances": [
        {
          "schema_version": 0,
          "attributes": {
            "acl": "private",
            "arn": "arn:aws:s3:::raw",
            "bucket": "raw",
            "bucket_domain_name": "http://localhost:9000/raw",
            "bucket_prefix": null,
            "force_destroy": false,
            "id": "raw",
            "object_locking": false,
            "quota": null,
            "tags": null
          },
          "sensitive_attributes": [],
          "identity_schema_version": 0,
          "private": "bnVsbA=="
        }
      ]
    }
  ],
  "check_results": null
}
